<?xml version="1.0" encoding="utf-8"?>
<Project ToolsVersion="4.0" xmlns="http://schemas.microsoft.com/developer/msbuild/2003">
  <ItemGroup>
    <Filter Include="Source Files">
      <UniqueIdentifier>{4FC737F1-C7A5-4376-A066-2A32D752A2FF}</UniqueIdentifier>
      <Extensions>cpp;c;cc;cxx;c++;cppm;ixx;def;odl;idl;hpj;bat;asm;asmx</Extensions>
    </Filter>
    <Filter Include="Header Files">
      <UniqueIdentifier>{93995380-89BD-4b04-88EB-625FBE52EBFB}</UniqueIdentifier>
      <Extensions>h;hh;hpp;hxx;h++;hm;inl;inc;ipp;xsd</Extensions>
    </Filter>
    <Filter Include="Resource Files">
      <UniqueIdentifier>{67DA6AB6-F800-4c08-8B7A-83BB121AAD01}</UniqueIdentifier>
      <Extensions>rc;ico;cur;bmp;dlg;rc2;rct;bin;rgs;gif;jpg;jpeg;jpe;resx;tiff;tif;png;wav;mfcribbon-ms</Extensions>
    </Filter>
    <Filter Include="Header Files\Entities">
      <UniqueIdentifier>{6d887f51-5a68-4575-b674-55d7d44a32fb}</UniqueIdentifier>
    </Filter>
    <Filter Include="Header Files\Bodies">
      <UniqueIdentifier>{d37856f4-1192-4da4-9231-5e1678873c3f}</UniqueIdentifier>
    </Filter>
    <Filter Include="Header Files\SDL2">
      <UniqueIdentifier>{80be779c-9517-47f7-9e83-6d2746a3332d}</UniqueIdentifier>
    </Filter>
    <Filter Include="Header Files\Math">
      <UniqueIdentifier>{ae060fdf-c9a8-457e-a297-f8ef9c2678eb}</UniqueIdentifier>
    </Filter>
    <Filter Include="Source Files\Entities">
      <UniqueIdentifier>{e2a92f0f-a987-4e15-9c4c-1d8169883267}</UniqueIdentifier>
    </Filter>
    <Filter Include="Source Files\Bodies">
      <UniqueIdentifier>{912e406e-def2-40fd-99d6-d541dcf71cad}</UniqueIdentifier>
    </Filter>
    <Filter Include="Source Files\Math">
      <UniqueIdentifier>{2cede539-e67b-4bc3-b793-9432afa76e47}</UniqueIdentifier>
    </Filter>
    <Filter Include="Source Files\SDL2">
      <UniqueIdentifier>{0dad5431-1ce0-4271-930d-3d9859da1f62}</UniqueIdentifier>
    </Filter>
  </ItemGroup>
  <ItemGroup>
    <None Include="SDL2.dll" />
    <None Include="SDL2_image.dll" />
  </ItemGroup>
  <ItemGroup>
    <ClCompile Include="lib\SDL2_gfx\SDL_ttf.c">
      <Filter>Source Files\SDL2</Filter>
    </ClCompile>
    <ClCompile Include="lib\SDL2_gfx\SDL2_gfxPrimitives.c">
      <Filter>Source Files\SDL2</Filter>
    </ClCompile>
    <ClCompile Include="lib\SDL2_gfx\SDL2_imageFilter.c">
      <Filter>Source Files\SDL2</Filter>
    </ClCompile>
    <ClCompile Include="lib\SDL2_gfx\SDL2_rotozoom.c">
      <Filter>Source Files\SDL2</Filter>
    </ClCompile>
    <ClCompile Include="src\Application.cpp">
      <Filter>Source Files</Filter>
    </ClCompile>
    <ClCompile Include="src\Graphics.cpp">
      <Filter>Source Files</Filter>
    </ClCompile>
    <ClCompile Include="src\Main.cpp">
      <Filter>Source Files</Filter>
    </ClCompile>
    <ClCompile Include="src\World.cpp">
      <Filter>Source Files</Filter>
    </ClCompile>
    <ClCompile Include="src\Body.cpp">
      <Filter>Source Files\Bodies</Filter>
    </ClCompile>
    <ClCompile Include="src\Entity.cpp">
      <Filter>Source Files\Entities</Filter>
    </ClCompile>
    <ClCompile Include="src\MatMN.cpp">
      <Filter>Source Files\Math</Filter>
    </ClCompile>
    <ClCompile Include="src\Player.cpp">
      <Filter>Source Files\Entities</Filter>
    </ClCompile>
    <ClCompile Include="src\Boid.cpp">
      <Filter>Source Files\Entities</Filter>
    </ClCompile>
    <ClCompile Include="src\Vec2.cpp">
      <Filter>Source Files\Math</Filter>
    </ClCompile>
    <ClCompile Include="src\VecN.cpp">
      <Filter>Source Files\Math</Filter>
    </ClCompile>
    <ClCompile Include="src\Shape.cpp">
      <Filter>Source Files\Bodies</Filter>
    </ClCompile>
    <ClCompile Include="Grid.cpp">
      <Filter>Source Files\Math</Filter>
    </ClCompile>
    <ClCompile Include="Cell.cpp">
      <Filter>Source Files\Math</Filter>
    </ClCompile>
  </ItemGroup>
  <ItemGroup>
    <ClInclude Include="lib\SDL2_gfx\SDL_ttf.h">
      <Filter>Header Files\SDL2</Filter>
    </ClInclude>
    <ClInclude Include="lib\SDL2_gfx\SDL2_gfxPrimitives.h">
      <Filter>Header Files\SDL2</Filter>
    </ClInclude>
    <ClInclude Include="lib\SDL2_gfx\SDL2_gfxPrimitives_font.h">
      <Filter>Header Files\SDL2</Filter>
    </ClInclude>
    <ClInclude Include="lib\SDL2_gfx\SDL2_imageFilter.h">
      <Filter>Header Files\SDL2</Filter>
    </ClInclude>
    <ClInclude Include="lib\SDL2_gfx\SDL2_rotozoom.h">
      <Filter>Header Files\SDL2</Filter>
    </ClInclude>
    <ClInclude Include="src\Application.h">
      <Filter>Header Files</Filter>
    </ClInclude>
    <ClInclude Include="src\Graphics.h">
      <Filter>Header Files</Filter>
    </ClInclude>
    <ClInclude Include="src\World.h">
      <Filter>Header Files</Filter>
    </ClInclude>
    <ClInclude Include="src\Body.h">
      <Filter>Header Files\Bodies</Filter>
    </ClInclude>
    <ClInclude Include="src\Constants.h">
      <Filter>Header Files\Math</Filter>
    </ClInclude>
    <ClInclude Include="src\MatMN.h">
      <Filter>Header Files\Math</Filter>
    </ClInclude>
    <ClInclude Include="src\Vec2.h">
      <Filter>Header Files\Math</Filter>
    </ClInclude>
    <ClInclude Include="src\Boid.h">
      <Filter>Header Files\Entities</Filter>
    </ClInclude>
    <ClInclude Include="src\Entity.h">
      <Filter>Header Files\Entities</Filter>
    </ClInclude>
    <ClInclude Include="src\Shape.h">
      <Filter>Header Files\Bodies</Filter>
    </ClInclude>
    <ClInclude Include="src\VecN.h">
      <Filter>Header Files\Math</Filter>
    </ClInclude>
    <ClInclude Include="src\Player.h">
      <Filter>Header Files\Entities</Filter>
    </ClInclude>
    <ClInclude Include="Grid.h">
      <Filter>Header Files\Math</Filter>
    </ClInclude>
    <ClInclude Include="Cell.h">
      <Filter>Header Files\Math</Filter>
    </ClInclude>
  </ItemGroup>
</Project>